
Microsoft Visual Studio Solution File, Format Version 12.00
# Visual Studio Version 17
VisualStudioVersion = 17.7.34031.279
MinimumVisualStudioVersion = 10.0.40219.1
Project("{FAE04EC0-301F-11D3-BF4B-00C04F79EFBC}") = "SelectFiltrosLinq", "SelectFiltrosLinq\SelectFiltrosLinq.csproj", "{790DEE70-EED6-4754-A23D-7932A6093B1A}"
EndProject
Global
	GlobalSection(SolutionConfigurationPlatforms) = preSolution
		Debug|Any CPU = Debug|Any CPU
		Release|Any CPU = Release|Any CPU
	EndGlobalSection
	GlobalSection(ProjectConfigurationPlatforms) = postSolution
		{790DEE70-EED6-4754-A23D-7932A6093B1A}.Debug|Any CPU.ActiveCfg = Debug|Any CPU
		{790DEE70-EED6-4754-A23D-7932A6093B1A}.Debug|Any CPU.Build.0 = Debug|Any CPU
		{790DEE70-EED6-4754-A23D-7932A6093B1A}.Release|Any CPU.ActiveCfg = Release|Any CPU
		{790DEE70-EED6-4754-A23D-7932A6093B1A}.Release|Any CPU.Build.0 = Release|Any CPU
	EndGlobalSection
	GlobalSection(SolutionProperties) = preSolution
		HideSolutionNode = FALSE
	EndGlobalSection
	GlobalSection(ExtensibilityGlobals) = postSolution
		SolutionGuid = {B8720610-845E-4660-BAA7-439BC86182EF}
	EndGlobalSection
EndGlobal
